{
  "version": 4,
  "terraform_version": "1.5.5",
  "serial": 3,
  "lineage": "99277dd9-8e84-1d7f-af7a-0b0848c5a6ba",
  "outputs": {},
  "resources": [
    {
      "mode": "managed",
      "type": "github_repository",
      "name": "index_vectors",
      "provider": "provider[\"registry.terraform.io/hashicorp/github\"]",
      "instances": [
        {
          "schema_version": 1,
          "attributes": {
            "allow_auto_merge": false,
            "allow_merge_commit": true,
            "allow_rebase_merge": true,
            "allow_squash_merge": true,
            "allow_update_branch": false,
            "archive_on_destroy": null,
            "archived": false,
            "auto_init": true,
            "default_branch": "main",
            "delete_branch_on_merge": false,
            "description": "Public repository for index vectors project",
            "etag": "W/\"8f1a6e42b813d6b23109b2f4e30eafb85d08d14e7f7877de1a516866271db1b2\"",
            "full_name": "mikex2110/index_vectors_repository",
            "git_clone_url": "git://github.com/mikex2110/index_vectors_repository.git",
            "gitignore_template": null,
            "has_discussions": false,
            "has_downloads": false,
            "has_issues": true,
            "has_projects": false,
            "has_wiki": false,
            "homepage_url": "",
            "html_url": "https://github.com/mikex2110/index_vectors_repository",
            "http_clone_url": "https://github.com/mikex2110/index_vectors_repository.git",
            "id": "index_vectors_repository",
            "ignore_vulnerability_alerts_during_read": null,
            "is_template": false,
            "license_template": null,
            "merge_commit_message": "PR_TITLE",
            "merge_commit_title": "MERGE_MESSAGE",
            "name": "index_vectors_repository",
            "node_id": "R_kgDOKG6xXQ",
            "pages": [],
            "private": false,
            "repo_id": 678343005,
            "security_and_analysis": [
              {
                "advanced_security": [],
                "secret_scanning": [
                  {
                    "status": "disabled"
                  }
                ],
                "secret_scanning_push_protection": [
                  {
                    "status": "disabled"
                  }
                ]
              }
            ],
            "squash_merge_commit_message": "COMMIT_MESSAGES",
            "squash_merge_commit_title": "COMMIT_OR_PR_TITLE",
            "ssh_clone_url": "git@github.com:mikex2110/index_vectors_repository.git",
            "svn_url": "https://github.com/mikex2110/index_vectors_repository",
            "template": [],
            "topics": null,
            "visibility": "public",
            "vulnerability_alerts": false
          },
          "sensitive_attributes": [],
          "private": "eyJzY2hlbWFfdmVyc2lvbiI6IjEifQ=="
        }
      ]
    }
  ],
  "check_results": null
}
